
Microsoft Visual Studio Solution File, Format Version 12.00
# Visual Studio Version 17
VisualStudioVersion = 17.0.32112.339
MinimumVisualStudioVersion = 10.0.40219.1
Project("{FAE04EC0-301F-11D3-BF4B-00C04F79EFBC}") = "WinBM.Server", "WinBM.Server\WinBM.Server.csproj", "{94C265EA-F39D-4085-B211-011953C3516A}"
EndProject
Global
	GlobalSection(SolutionConfigurationPlatforms) = preSolution
		Debug|Any CPU = Debug|Any CPU
		Release|Any CPU = Release|Any CPU
	EndGlobalSection
	GlobalSection(ProjectConfigurationPlatforms) = postSolution
		{94C265EA-F39D-4085-B211-011953C3516A}.Debug|Any CPU.ActiveCfg = Debug|Any CPU
		{94C265EA-F39D-4085-B211-011953C3516A}.Debug|Any CPU.Build.0 = Debug|Any CPU
		{94C265EA-F39D-4085-B211-011953C3516A}.Release|Any CPU.ActiveCfg = Release|Any CPU
		{94C265EA-F39D-4085-B211-011953C3516A}.Release|Any CPU.Build.0 = Release|Any CPU
	EndGlobalSection
	GlobalSection(SolutionProperties) = preSolution
		HideSolutionNode = FALSE
	EndGlobalSection
	GlobalSection(ExtensibilityGlobals) = postSolution
		SolutionGuid = {CE503364-D2E1-4E4E-BF01-539C2C6CB4F9}
	EndGlobalSection
EndGlobal
